
Microsoft Visual Studio Solution File, Format Version 12.00
# Visual Studio Version 17
VisualStudioVersion = 17.9.34701.34
MinimumVisualStudioVersion = 10.0.40219.1
Project("{FAE04EC0-301F-11D3-BF4B-00C04F79EFBC}") = "TestAutoGen", "TestAutoGen\TestAutoGen.csproj", "{C8C8407D-7F82-4ECD-8439-56135D865699}"
EndProject
Global
	GlobalSection(SolutionConfigurationPlatforms) = preSolution
		Debug|Any CPU = Debug|Any CPU
		Release|Any CPU = Release|Any CPU
	EndGlobalSection
	GlobalSection(ProjectConfigurationPlatforms) = postSolution
		{C8C8407D-7F82-4ECD-8439-56135D865699}.Debug|Any CPU.ActiveCfg = Debug|Any CPU
		{C8C8407D-7F82-4ECD-8439-56135D865699}.Debug|Any CPU.Build.0 = Debug|Any CPU
		{C8C8407D-7F82-4ECD-8439-56135D865699}.Release|Any CPU.ActiveCfg = Release|Any CPU
		{C8C8407D-7F82-4ECD-8439-56135D865699}.Release|Any CPU.Build.0 = Release|Any CPU
	EndGlobalSection
	GlobalSection(SolutionProperties) = preSolution
		HideSolutionNode = FALSE
	EndGlobalSection
	GlobalSection(ExtensibilityGlobals) = postSolution
		SolutionGuid = {5FD0C8F4-46D2-4C66-BD68-6F52D4145FA7}
	EndGlobalSection
EndGlobal
